// !$*UTF8*$!
{
	archiveVersion = 1;
	classes = {
	};
	objectVersion = 56;
	objects = {

/* Begin PBXBuildFile section */
		D90D93482A1C84B0008D0CC7 /* AppDelegate.swift in Sources */ = {isa = PBXBuildFile; fileRef = D90D93472A1C84B0008D0CC7 /* AppDelegate.swift */; };
		D90D934A2A1C84B0008D0CC7 /* SceneDelegate.swift in Sources */ = {isa = PBXBuildFile; fileRef = D90D93492A1C84B0008D0CC7 /* SceneDelegate.swift */; };
		D90D934C2A1C84B0008D0CC7 /* ViewController.swift in Sources */ = {isa = PBXBuildFile; fileRef = D90D934B2A1C84B0008D0CC7 /* ViewController.swift */; };
		D90D934F2A1C84B0008D0CC7 /* Main.storyboard in Resources */ = {isa = PBXBuildFile; fileRef = D90D934D2A1C84B0008D0CC7 /* Main.storyboard */; };
		D90D93512A1C84B2008D0CC7 /* Assets.xcassets in Resources */ = {isa = PBXBuildFile; fileRef = D90D93502A1C84B2008D0CC7 /* Assets.xcassets */; };
		D90D93542A1C84B2008D0CC7 /* LaunchScreen.storyboard in Resources */ = {isa = PBXBuildFile; fileRef = D90D93522A1C84B2008D0CC7 /* LaunchScreen.storyboard */; };
		D918E3072A1CCBC00051B424 /* CollectionViewCell.swift in Sources */ = {isa = PBXBuildFile; fileRef = D918E3062A1CCBC00051B424 /* CollectionViewCell.swift */; };
/* End PBXBuildFile section */

/* Begin PBXFileReference section */
		D90D93442A1C84B0008D0CC7 /* ARE Services.app */ = {isa = PBXFileReference; explicitFileType = wrapper.application; includeInIndex = 0; path = "ARE Services.app"; sourceTree = BUILT_PRODUCTS_DIR; };
		D90D93472A1C84B0008D0CC7 /* AppDelegate.swift */ = {isa = PBXFileReference; lastKnownFileType = sourcecode.swift; path = AppDelegate.swift; sourceTree = "<group>"; };
		D90D93492A1C84B0008D0CC7 /* SceneDelegate.swift */ = {isa = PBXFileReference; lastKnownFileType = sourcecode.swift; path = SceneDelegate.swift; sourceTree = "<group>"; };
		D90D934B2A1C84B0008D0CC7 /* ViewController.swift */ = {isa = PBXFileReference; lastKnownFileType = sourcecode.swift; path = ViewController.swift; sourceTree = "<group>"; };
		D90D934E2A1C84B0008D0CC7 /* Base */ = {isa = PBXFileReference; lastKnownFileType = file.storyboard; name = Base; path = Base.lproj/Main.storyboard; sourceTree = "<group>"; };
		D90D93502A1C84B2008D0CC7 /* Assets.xcassets */ = {isa = PBXFileReference; lastKnownFileType = folder.assetcatalog; path = Assets.xcassets; sourceTree = "<group>"; };
		D90D93532A1C84B2008D0CC7 /* Base */ = {isa = PBXFileReference; lastKnownFileType = file.storyboard; name = Base; path = Base.lproj/LaunchScreen.storyboard; sourceTree = "<group>"; };
		D90D93552A1C84B2008D0CC7 /* Info.plist */ = {isa = PBXFileReference; lastKnownFileType = text.plist.xml; path = Info.plist; sourceTree = "<group>"; };
		D918E2F82A1CC4D80051B424 /* Rubik-Black.ttf */ = {isa = PBXFileReference; lastKnownFileType = file; path = "Rubik-Black.ttf"; sourceTree = "<group>"; };
		D918E2F92A1CC4D80051B424 /* Rubik-Bold.ttf */ = {isa = PBXFileReference; lastKnownFileType = file; path = "Rubik-Bold.ttf"; sourceTree = "<group>"; };
		D918E2FA2A1CC4D80051B424 /* Rubik-SemiBold.ttf */ = {isa = PBXFileReference; lastKnownFileType = file; path = "Rubik-SemiBold.ttf"; sourceTree = "<group>"; };
		D918E2FB2A1CC4D80051B424 /* Rubik-BlackItalic.ttf */ = {isa = PBXFileReference; lastKnownFileType = file; path = "Rubik-BlackItalic.ttf"; sourceTree = "<group>"; };
		D918E2FC2A1CC4D80051B424 /* Rubik-Italic.ttf */ = {isa = PBXFileReference; lastKnownFileType = file; path = "Rubik-Italic.ttf"; sourceTree = "<group>"; };
		D918E2FD2A1CC4D80051B424 /* Rubik-LightItalic.ttf */ = {isa = PBXFileReference; lastKnownFileType = file; path = "Rubik-LightItalic.ttf"; sourceTree = "<group>"; };
		D918E2FE2A1CC4D80051B424 /* Rubik-Medium.ttf */ = {isa = PBXFileReference; lastKnownFileType = file; path = "Rubik-Medium.ttf"; sourceTree = "<group>"; };
		D918E2FF2A1CC4D80051B424 /* Rubik-BoldItalic.ttf */ = {isa = PBXFileReference; lastKnownFileType = file; path = "Rubik-BoldItalic.ttf"; sourceTree = "<group>"; };
		D918E3002A1CC4D80051B424 /* Rubik-SemiBoldItalic.ttf */ = {isa = PBXFileReference; lastKnownFileType = file; path = "Rubik-SemiBoldItalic.ttf"; sourceTree = "<group>"; };
		D918E3012A1CC4D80051B424 /* Rubik-MediumItalic.ttf */ = {isa = PBXFileReference; lastKnownFileType = file; path = "Rubik-MediumItalic.ttf"; sourceTree = "<group>"; };
		D918E3022A1CC4D80051B424 /* Rubik-Light.ttf */ = {isa = PBXFileReference; lastKnownFileType = file; path = "Rubik-Light.ttf"; sourceTree = "<group>"; };
		D918E3032A1CC4D80051B424 /* Rubik-ExtraBold.ttf */ = {isa = PBXFileReference; lastKnownFileType = file; path = "Rubik-ExtraBold.ttf"; sourceTree = "<group>"; };
		D918E3042A1CC4D80051B424 /* Rubik-ExtraBoldItalic.ttf */ = {isa = PBXFileReference; lastKnownFileType = file; path = "Rubik-ExtraBoldItalic.ttf"; sourceTree = "<group>"; };
		D918E3052A1CC4D80051B424 /* Rubik-Regular.ttf */ = {isa = PBXFileReference; lastKnownFileType = file; path = "Rubik-Regular.ttf"; sourceTree = "<group>"; };
		D918E3062A1CCBC00051B424 /* CollectionViewCell.swift */ = {isa = PBXFileReference; lastKnownFileType = sourcecode.swift; path = CollectionViewCell.swift; sourceTree = "<group>"; };
/* End PBXFileReference section */

/* Begin PBXFrameworksBuildPhase section */
		D90D93412A1C84B0008D0CC7 /* Frameworks */ = {
			isa = PBXFrameworksBuildPhase;
			buildActionMask = 2147483647;
			files = (
			);
			runOnlyForDeploymentPostprocessing = 0;
		};
/* End PBXFrameworksBuildPhase section */

/* Begin PBXGroup section */
		D90D933B2A1C84B0008D0CC7 = {
			isa = PBXGroup;
			children = (
				D90D93462A1C84B0008D0CC7 /* ARE Services */,
				D90D93452A1C84B0008D0CC7 /* Products */,
			);
			sourceTree = "<group>";
		};
		D90D93452A1C84B0008D0CC7 /* Products */ = {
			isa = PBXGroup;
			children = (
				D90D93442A1C84B0008D0CC7 /* ARE Services.app */,
			);
			name = Products;
			sourceTree = "<group>";
		};
		D90D93462A1C84B0008D0CC7 /* ARE Services */ = {
			isa = PBXGroup;
			children = (
				D90D93472A1C84B0008D0CC7 /* AppDelegate.swift */,
				D90D93492A1C84B0008D0CC7 /* SceneDelegate.swift */,
				D90D934B2A1C84B0008D0CC7 /* ViewController.swift */,
				D918E3062A1CCBC00051B424 /* CollectionViewCell.swift */,
				D918E2F72A1CC4BA0051B424 /* Fonts */,
				D90D934D2A1C84B0008D0CC7 /* Main.storyboard */,
				D90D93502A1C84B2008D0CC7 /* Assets.xcassets */,
				D90D93522A1C84B2008D0CC7 /* LaunchScreen.storyboard */,
				D90D93552A1C84B2008D0CC7 /* Info.plist */,
			);
			path = "ARE Services";
			sourceTree = "<group>";
		};
		D918E2F72A1CC4BA0051B424 /* Fonts */ = {
			isa = PBXGroup;
			children = (
				D918E2F82A1CC4D80051B424 /* Rubik-Black.ttf */,
				D918E2FB2A1CC4D80051B424 /* Rubik-BlackItalic.ttf */,
				D918E2F92A1CC4D80051B424 /* Rubik-Bold.ttf */,
				D918E2FF2A1CC4D80051B424 /* Rubik-BoldItalic.ttf */,
				D918E3032A1CC4D80051B424 /* Rubik-ExtraBold.ttf */,
				D918E3042A1CC4D80051B424 /* Rubik-ExtraBoldItalic.ttf */,
				D918E2FC2A1CC4D80051B424 /* Rubik-Italic.ttf */,
				D918E3022A1CC4D80051B424 /* Rubik-Light.ttf */,
				D918E2FD2A1CC4D80051B424 /* Rubik-LightItalic.ttf */,
				D918E2FE2A1CC4D80051B424 /* Rubik-Medium.ttf */,
				D918E3012A1CC4D80051B424 /* Rubik-MediumItalic.ttf */,
				D918E3052A1CC4D80051B424 /* Rubik-Regular.ttf */,
				D918E2FA2A1CC4D80051B424 /* Rubik-SemiBold.ttf */,
				D918E3002A1CC4D80051B424 /* Rubik-SemiBoldItalic.ttf */,
			);
			path = Fonts;
			sourceTree = "<group>";
		};
/* End PBXGroup section */

/* Begin PBXNativeTarget section */
		D90D93432A1C84B0008D0CC7 /* ARE Services */ = {
			isa = PBXNativeTarget;
			buildConfigurationList = D90D93582A1C84B2008D0CC7 /* Build configuration list for PBXNativeTarget "ARE Services" */;
			buildPhases = (
				D90D93402A1C84B0008D0CC7 /* Sources */,
				D90D93412A1C84B0008D0CC7 /* Frameworks */,
				D90D93422A1C84B0008D0CC7 /* Resources */,
			);
			buildRules = (
			);
			dependencies = (
			);
			name = "ARE Services";
			productName = "ARE Services";
			productReference = D90D93442A1C84B0008D0CC7 /* ARE Services.app */;
			productType = "com.apple.product-type.application";
		};
/* End PBXNativeTarget section */

/* Begin PBXProject section */
		D90D933C2A1C84B0008D0CC7 /* Project object */ = {
			isa = PBXProject;
			attributes = {
				BuildIndependentTargetsInParallel = 1;
				LastSwiftUpdateCheck = 1430;
				LastUpgradeCheck = 1430;
				TargetAttributes = {
					D90D93432A1C84B0008D0CC7 = {
						CreatedOnToolsVersion = 14.3;
					};
				};
			};
			buildConfigurationList = D90D933F2A1C84B0008D0CC7 /* Build configuration list for PBXProject "ARE Services" */;
			compatibilityVersion = "Xcode 14.0";
			developmentRegion = en;
			hasScannedForEncodings = 0;
			knownRegions = (
				en,
				Base,
			);
			mainGroup = D90D933B2A1C84B0008D0CC7;
			productRefGroup = D90D93452A1C84B0008D0CC7 /* Products */;
			projectDirPath = "";
			projectRoot = "";
			targets = (
				D90D93432A1C84B0008D0CC7 /* ARE Services */,
			);
		};
/* End PBXProject section */

/* Begin PBXResourcesBuildPhase section */
		D90D93422A1C84B0008D0CC7 /* Resources */ = {
			isa = PBXResourcesBuildPhase;
			buildActionMask = 2147483647;
			files = (
				D90D93542A1C84B2008D0CC7 /* LaunchScreen.storyboard in Resources */,
				D90D93512A1C84B2008D0CC7 /* Assets.xcassets in Resources */,
				D90D934F2A1C84B0008D0CC7 /* Main.storyboard in Resources */,
			);
			runOnlyForDeploymentPostprocessing = 0;
		};
/* End PBXResourcesBuildPhase section */

/* Begin PBXSourcesBuildPhase section */
		D90D93402A1C84B0008D0CC7 /* Sources */ = {
			isa = PBXSourcesBuildPhase;
			buildActionMask = 2147483647;
			files = (
				D90D934C2A1C84B0008D0CC7 /* ViewController.swift in Sources */,
				D90D93482A1C84B0008D0CC7 /* AppDelegate.swift in Sources */,
				D918E3072A1CCBC00051B424 /* CollectionViewCell.swift in Sources */,
				D90D934A2A1C84B0008D0CC7 /* SceneDelegate.swift in Sources */,
			);
			runOnlyForDeploymentPostprocessing = 0;
		};
/* End PBXSourcesBuildPhase section */

/* Begin PBXVariantGroup section */
		D90D934D2A1C84B0008D0CC7 /* Main.storyboard */ = {
			isa = PBXVariantGroup;
			children = (
				D90D934E2A1C84B0008D0CC7 /* Base */,
			);
			name = Main.storyboard;
			sourceTree = "<group>";
		};
		D90D93522A1C84B2008D0CC7 /* LaunchScreen.storyboard */ = {
			isa = PBXVariantGroup;
			children = (
				D90D93532A1C84B2008D0CC7 /* Base */,
			);
			name = LaunchScreen.storyboard;
			sourceTree = "<group>";
		};
/* End PBXVariantGroup section */

/* Begin XCBuildConfiguration section */
		D90D93562A1C84B2008D0CC7 /* Debug */ = {
			isa = XCBuildConfiguration;
			buildSettings = {
				ALWAYS_SEARCH_USER_PATHS = NO;
				CLANG_ANALYZER_NONNULL = YES;
				CLANG_ANALYZER_NUMBER_OBJECT_CONVERSION = YES_AGGRESSIVE;
				CLANG_CXX_LANGUAGE_STANDARD = "gnu++20";
				CLANG_ENABLE_MODULES = YES;
				CLANG_ENABLE_OBJC_ARC = YES;
				CLANG_ENABLE_OBJC_WEAK = YES;
				CLANG_WARN_BLOCK_CAPTURE_AUTORELEASING = YES;
				CLANG_WARN_BOOL_CONVERSION = YES;
				CLANG_WARN_COMMA = YES;
				CLANG_WARN_CONSTANT_CONVERSION = YES;
				CLANG_WARN_DEPRECATED_OBJC_IMPLEMENTATIONS = YES;
				CLANG_WARN_DIRECT_OBJC_ISA_USAGE = YES_ERROR;
				CLANG_WARN_DOCUMENTATION_COMMENTS = YES;
				CLANG_WARN_EMPTY_BODY = YES;
				CLANG_WARN_ENUM_CONVERSION = YES;
				CLANG_WARN_INFINITE_RECURSION = YES;
				CLANG_WARN_INT_CONVERSION = YES;
				CLANG_WARN_NON_LITERAL_NULL_CONVERSION = YES;
				CLANG_WARN_OBJC_IMPLICIT_RETAIN_SELF = YES;
				CLANG_WARN_OBJC_LITERAL_CONVERSION = YES;
				CLANG_WARN_OBJC_ROOT_CLASS = YES_ERROR;
				CLANG_WARN_QUOTED_INCLUDE_IN_FRAMEWORK_HEADER = YES;
				CLANG_WARN_RANGE_LOOP_ANALYSIS = YES;
				CLANG_WARN_STRICT_PROTOTYPES = YES;
				CLANG_WARN_SUSPICIOUS_MOVE = YES;
				CLANG_WARN_UNGUARDED_AVAILABILITY = YES_AGGRESSIVE;
				CLANG_WARN_UNREACHABLE_CODE = YES;
				CLANG_WARN__DUPLICATE_METHOD_MATCH = YES;
				COPY_PHASE_STRIP = NO;
				DEBUG_INFORMATION_FORMAT = dwarf;
				ENABLE_STRICT_OBJC_MSGSEND = YES;
				ENABLE_TESTABILITY = YES;
				GCC_C_LANGUAGE_STANDARD = gnu11;
				GCC_DYNAMIC_NO_PIC = NO;
				GCC_NO_COMMON_BLOCKS = YES;
				GCC_OPTIMIZATION_LEVEL = 0;
				GCC_PREPROCESSOR_DEFINITIONS = (
					"DEBUG=1",
					"$(inherited)",
				);
				GCC_WARN_64_TO_32_BIT_CONVERSION = YES;
				GCC_WARN_ABOUT_RETURN_TYPE = YES_ERROR;
				GCC_WARN_UNDECLARED_SELECTOR = YES;
				GCC_WARN_UNINITIALIZED_AUTOS = YES_AGGRESSIVE;
				GCC_WARN_UNUSED_FUNCTION = YES;
				GCC_WARN_UNUSED_VARIABLE = YES;
				IPHONEOS_DEPLOYMENT_TARGET = 16.4;
				MTL_ENABLE_DEBUG_INFO = INCLUDE_SOURCE;
				MTL_FAST_MATH = YES;
				ONLY_ACTIVE_ARCH = YES;
				SDKROOT = iphoneos;
				SWIFT_ACTIVE_COMPILATION_CONDITIONS = DEBUG;
				SWIFT_OPTIMIZATION_LEVEL = "-Onone";
			};
			name = Debug;
		};
		D90D93572A1C84B2008D0CC7 /* Release */ = {
			isa = XCBuildConfiguration;
			buildSettings = {
				ALWAYS_SEARCH_USER_PATHS = NO;
				CLANG_ANALYZER_NONNULL = YES;
				CLANG_ANALYZER_NUMBER_OBJECT_CONVERSION = YES_AGGRESSIVE;
				CLANG_CXX_LANGUAGE_STANDARD = "gnu++20";
				CLANG_ENABLE_MODULES = YES;
				CLANG_ENABLE_OBJC_ARC = YES;
				CLANG_ENABLE_OBJC_WEAK = YES;
				CLANG_WARN_BLOCK_CAPTURE_AUTORELEASING = YES;
				CLANG_WARN_BOOL_CONVERSION = YES;
				CLANG_WARN_COMMA = YES;
				CLANG_WARN_CONSTANT_CONVERSION = YES;
				CLANG_WARN_DEPRECATED_OBJC_IMPLEMENTATIONS = YES;
				CLANG_WARN_DIRECT_OBJC_ISA_USAGE = YES_ERROR;
				CLANG_WARN_DOCUMENTATION_COMMENTS = YES;
				CLANG_WARN_EMPTY_BODY = YES;
				CLANG_WARN_ENUM_CONVERSION = YES;
				CLANG_WARN_INFINITE_RECURSION = YES;
				CLANG_WARN_INT_CONVERSION = YES;
				CLANG_WARN_NON_LITERAL_NULL_CONVERSION = YES;
				CLANG_WARN_OBJC_IMPLICIT_RETAIN_SELF = YES;
				CLANG_WARN_OBJC_LITERAL_CONVERSION = YES;
				CLANG_WARN_OBJC_ROOT_CLASS = YES_ERROR;
				CLANG_WARN_QUOTED_INCLUDE_IN_FRAMEWORK_HEADER = YES;
				CLANG_WARN_RANGE_LOOP_ANALYSIS = YES;
				CLANG_WARN_STRICT_PROTOTYPES = YES;
				CLANG_WARN_SUSPICIOUS_MOVE = YES;
				CLANG_WARN_UNGUARDED_AVAILABILITY = YES_AGGRESSIVE;
				CLANG_WARN_UNREACHABLE_CODE = YES;
				CLANG_WARN__DUPLICATE_METHOD_MATCH = YES;
				COPY_PHASE_STRIP = NO;
				DEBUG_INFORMATION_FORMAT = "dwarf-with-dsym";
				ENABLE_NS_ASSERTIONS = NO;
				ENABLE_STRICT_OBJC_MSGSEND = YES;
				GCC_C_LANGUAGE_STANDARD = gnu11;
				GCC_NO_COMMON_BLOCKS = YES;
				GCC_WARN_64_TO_32_BIT_CONVERSION = YES;
				GCC_WARN_ABOUT_RETURN_TYPE = YES_ERROR;
				GCC_WARN_UNDECLARED_SELECTOR = YES;
				GCC_WARN_UNINITIALIZED_AUTOS = YES_AGGRESSIVE;
				GCC_WARN_UNUSED_FUNCTION = YES;
				GCC_WARN_UNUSED_VARIABLE = YES;
				IPHONEOS_DEPLOYMENT_TARGET = 16.4;
				MTL_ENABLE_DEBUG_INFO = NO;
				MTL_FAST_MATH = YES;
				SDKROOT = iphoneos;
				SWIFT_COMPILATION_MODE = wholemodule;
				SWIFT_OPTIMIZATION_LEVEL = "-O";
				VALIDATE_PRODUCT = YES;
			};
			name = Release;
		};
		D90D93592A1C84B2008D0CC7 /* Debug */ = {
			isa = XCBuildConfiguration;
			buildSettings = {
				ASSETCATALOG_COMPILER_APPICON_NAME = AppIcon;
				ASSETCATALOG_COMPILER_GLOBAL_ACCENT_COLOR_NAME = AccentColor;
				CODE_SIGN_STYLE = Automatic;
				CURRENT_PROJECT_VERSION = 1;
				GENERATE_INFOPLIST_FILE = YES;
				INFOPLIST_FILE = "ARE Services/Info.plist";
				INFOPLIST_KEY_UIApplicationSupportsIndirectInputEvents = YES;
				INFOPLIST_KEY_UILaunchStoryboardName = LaunchScreen;
				INFOPLIST_KEY_UIMainStoryboardFile = Main;
				INFOPLIST_KEY_UISupportedInterfaceOrientations_iPad = "UIInterfaceOrientationPortrait UIInterfaceOrientationPortraitUpsideDown UIInterfaceOrientationLandscapeLeft UIInterfaceOrientationLandscapeRight";
				INFOPLIST_KEY_UISupportedInterfaceOrientations_iPhone = "UIInterfaceOrientationPortrait UIInterfaceOrientationLandscapeLeft UIInterfaceOrientationLandscapeRight";
				LD_RUNPATH_SEARCH_PATHS = (
					"$(inherited)",
					"@executable_path/Frameworks",
				);
				MARKETING_VERSION = 1.0;
				PRODUCT_BUNDLE_IDENTIFIER = "com.FirstProject.ARE-Services";
				PRODUCT_NAME = "$(TARGET_NAME)";
				SWIFT_EMIT_LOC_STRINGS = YES;
				SWIFT_VERSION = 5.0;
				TARGETED_DEVICE_FAMILY = "1,2";
			};
			name = Debug;
		};
		D90D935A2A1C84B2008D0CC7 /* Release */ = {
			isa = XCBuildConfiguration;
			buildSettings = {
				ASSETCATALOG_COMPILER_APPICON_NAME = AppIcon;
				ASSETCATALOG_COMPILER_GLOBAL_ACCENT_COLOR_NAME = AccentColor;
				CODE_SIGN_STYLE = Automatic;
				CURRENT_PROJECT_VERSION = 1;
				GENERATE_INFOPLIST_FILE = YES;
				INFOPLIST_FILE = "ARE Services/Info.plist";
				INFOPLIST_KEY_UIApplicationSupportsIndirectInputEvents = YES;
				INFOPLIST_KEY_UILaunchStoryboardName = LaunchScreen;
				INFOPLIST_KEY_UIMainStoryboardFile = Main;
				INFOPLIST_KEY_UISupportedInterfaceOrientations_iPad = "UIInterfaceOrientationPortrait UIInterfaceOrientationPortraitUpsideDown UIInterfaceOrientationLandscapeLeft UIInterfaceOrientationLandscapeRight";
				INFOPLIST_KEY_UISupportedInterfaceOrientations_iPhone = "UIInterfaceOrientationPortrait UIInterfaceOrientationLandscapeLeft UIInterfaceOrientationLandscapeRight";
				LD_RUNPATH_SEARCH_PATHS = (
					"$(inherited)",
					"@executable_path/Frameworks",
				);
				MARKETING_VERSION = 1.0;
				PRODUCT_BUNDLE_IDENTIFIER = "com.FirstProject.ARE-Services";
				PRODUCT_NAME = "$(TARGET_NAME)";
				SWIFT_EMIT_LOC_STRINGS = YES;
				SWIFT_VERSION = 5.0;
				TARGETED_DEVICE_FAMILY = "1,2";
			};
			name = Release;
		};
/* End XCBuildConfiguration section */

/* Begin XCConfigurationList section */
		D90D933F2A1C84B0008D0CC7 /* Build configuration list for PBXProject "ARE Services" */ = {
			isa = XCConfigurationList;
			buildConfigurations = (
				D90D93562A1C84B2008D0CC7 /* Debug */,
				D90D93572A1C84B2008D0CC7 /* Release */,
			);
			defaultConfigurationIsVisible = 0;
			defaultConfigurationName = Release;
		};
		D90D93582A1C84B2008D0CC7 /* Build configuration list for PBXNativeTarget "ARE Services" */ = {
			isa = XCConfigurationList;
			buildConfigurations = (
				D90D93592A1C84B2008D0CC7 /* Debug */,
				D90D935A2A1C84B2008D0CC7 /* Release */,
			);
			defaultConfigurationIsVisible = 0;
			defaultConfigurationName = Release;
		};
/* End XCConfigurationList section */
	};
	rootObject = D90D933C2A1C84B0008D0CC7 /* Project object */;
}
